// !$*UTF8*$!
{
	archiveVersion = 1;
	classes = {
	};
	objectVersion = 56;
	objects = {

/* Begin PBXBuildFile section */
		6B79B1E329011B0B0084E622 /* JuhyunCardApp.swift in Sources */ = {isa = PBXBuildFile; fileRef = 6B79B1E229011B0B0084E622 /* JuhyunCardApp.swift */; };
		6B79B1E529011B0B0084E622 /* ContentView.swift in Sources */ = {isa = PBXBuildFile; fileRef = 6B79B1E429011B0B0084E622 /* ContentView.swift */; };
		6B79B1E729011B0C0084E622 /* Assets.xcassets in Resources */ = {isa = PBXBuildFile; fileRef = 6B79B1E629011B0C0084E622 /* Assets.xcassets */; };
		6B79B1EA29011B0C0084E622 /* Preview Assets.xcassets in Resources */ = {isa = PBXBuildFile; fileRef = 6B79B1E929011B0C0084E622 /* Preview Assets.xcassets */; };
		6B79B1F42901202C0084E622 /* LaunchScreen.storyboard in Resources */ = {isa = PBXBuildFile; fileRef = 6B79B1F32901202C0084E622 /* LaunchScreen.storyboard */; };
		6B8956462901284400643AA0 /* Pacifico-Regular.ttf in Resources */ = {isa = PBXBuildFile; fileRef = 6B8956452901284400643AA0 /* Pacifico-Regular.ttf */; };
		6B8956492901431C00643AA0 /* InfoView.swift in Sources */ = {isa = PBXBuildFile; fileRef = 6B8956482901431C00643AA0 /* InfoView.swift */; };
/* End PBXBuildFile section */

/* Begin PBXFileReference section */
		6B79B1DF29011B0B0084E622 /* JuhyunCard.app */ = {isa = PBXFileReference; explicitFileType = wrapper.application; includeInIndex = 0; path = JuhyunCard.app; sourceTree = BUILT_PRODUCTS_DIR; };
		6B79B1E229011B0B0084E622 /* JuhyunCardApp.swift */ = {isa = PBXFileReference; lastKnownFileType = sourcecode.swift; path = JuhyunCardApp.swift; sourceTree = "<group>"; };
		6B79B1E429011B0B0084E622 /* ContentView.swift */ = {isa = PBXFileReference; lastKnownFileType = sourcecode.swift; path = ContentView.swift; sourceTree = "<group>"; };
		6B79B1E629011B0C0084E622 /* Assets.xcassets */ = {isa = PBXFileReference; lastKnownFileType = folder.assetcatalog; path = Assets.xcassets; sourceTree = "<group>"; };
		6B79B1E929011B0C0084E622 /* Preview Assets.xcassets */ = {isa = PBXFileReference; lastKnownFileType = folder.assetcatalog; path = "Preview Assets.xcassets"; sourceTree = "<group>"; };
		6B79B1F32901202C0084E622 /* LaunchScreen.storyboard */ = {isa = PBXFileReference; lastKnownFileType = file.storyboard; path = LaunchScreen.storyboard; sourceTree = "<group>"; };
		6B8956452901284400643AA0 /* Pacifico-Regular.ttf */ = {isa = PBXFileReference; lastKnownFileType = file; path = "Pacifico-Regular.ttf"; sourceTree = "<group>"; };
		6B89564729012F2C00643AA0 /* Info.plist */ = {isa = PBXFileReference; lastKnownFileType = text.plist; path = Info.plist; sourceTree = "<group>"; };
		6B8956482901431C00643AA0 /* InfoView.swift */ = {isa = PBXFileReference; lastKnownFileType = sourcecode.swift; path = InfoView.swift; sourceTree = "<group>"; };
/* End PBXFileReference section */

/* Begin PBXFrameworksBuildPhase section */
		6B79B1DC29011B0B0084E622 /* Frameworks */ = {
			isa = PBXFrameworksBuildPhase;
			buildActionMask = 2147483647;
			files = (
			);
			runOnlyForDeploymentPostprocessing = 0;
		};
/* End PBXFrameworksBuildPhase section */

/* Begin PBXGroup section */
		6B79B1D629011B0B0084E622 = {
			isa = PBXGroup;
			children = (
				6B79B1E129011B0B0084E622 /* JuhyunCard */,
				6B79B1E029011B0B0084E622 /* Products */,
			);
			sourceTree = "<group>";
		};
		6B79B1E029011B0B0084E622 /* Products */ = {
			isa = PBXGroup;
			children = (
				6B79B1DF29011B0B0084E622 /* JuhyunCard.app */,
			);
			name = Products;
			sourceTree = "<group>";
		};
		6B79B1E129011B0B0084E622 /* JuhyunCard */ = {
			isa = PBXGroup;
			children = (
				6B895642290127ED00643AA0 /* fonts */,
				6B79B1E229011B0B0084E622 /* JuhyunCardApp.swift */,
				6B79B1E429011B0B0084E622 /* ContentView.swift */,
				6B8956482901431C00643AA0 /* InfoView.swift */,
				6B79B1E629011B0C0084E622 /* Assets.xcassets */,
				6B79B1F32901202C0084E622 /* LaunchScreen.storyboard */,
				6B89564729012F2C00643AA0 /* Info.plist */,
				6B79B1E829011B0C0084E622 /* Preview Content */,
			);
			path = JuhyunCard;
			sourceTree = "<group>";
		};
		6B79B1E829011B0C0084E622 /* Preview Content */ = {
			isa = PBXGroup;
			children = (
				6B79B1E929011B0C0084E622 /* Preview Assets.xcassets */,
			);
			path = "Preview Content";
			sourceTree = "<group>";
		};
		6B895642290127ED00643AA0 /* fonts */ = {
			isa = PBXGroup;
			children = (
				6B8956452901284400643AA0 /* Pacifico-Regular.ttf */,
			);
			path = fonts;
			sourceTree = "<group>";
		};
/* End PBXGroup section */

/* Begin PBXNativeTarget section */
		6B79B1DE29011B0B0084E622 /* JuhyunCard */ = {
			isa = PBXNativeTarget;
			buildConfigurationList = 6B79B1ED29011B0C0084E622 /* Build configuration list for PBXNativeTarget "JuhyunCard" */;
			buildPhases = (
				6B79B1DB29011B0B0084E622 /* Sources */,
				6B79B1DC29011B0B0084E622 /* Frameworks */,
				6B79B1DD29011B0B0084E622 /* Resources */,
			);
			buildRules = (
			);
			dependencies = (
			);
			name = JuhyunCard;
			productName = JuhyunCard;
			productReference = 6B79B1DF29011B0B0084E622 /* JuhyunCard.app */;
			productType = "com.apple.product-type.application";
		};
/* End PBXNativeTarget section */

/* Begin PBXProject section */
		6B79B1D729011B0B0084E622 /* Project object */ = {
			isa = PBXProject;
			attributes = {
				BuildIndependentTargetsInParallel = 1;
				LastSwiftUpdateCheck = 1400;
				LastUpgradeCheck = 1400;
				TargetAttributes = {
					6B79B1DE29011B0B0084E622 = {
						CreatedOnToolsVersion = 14.0.1;
					};
				};
			};
			buildConfigurationList = 6B79B1DA29011B0B0084E622 /* Build configuration list for PBXProject "JuhyunCard" */;
			compatibilityVersion = "Xcode 14.0";
			developmentRegion = en;
			hasScannedForEncodings = 0;
			knownRegions = (
				en,
				Base,
			);
			mainGroup = 6B79B1D629011B0B0084E622;
			productRefGroup = 6B79B1E029011B0B0084E622 /* Products */;
			projectDirPath = "";
			projectRoot = "";
			targets = (
				6B79B1DE29011B0B0084E622 /* JuhyunCard */,
			);
		};
/* End PBXProject section */

/* Begin PBXResourcesBuildPhase section */
		6B79B1DD29011B0B0084E622 /* Resources */ = {
			isa = PBXResourcesBuildPhase;
			buildActionMask = 2147483647;
			files = (
				6B79B1F42901202C0084E622 /* LaunchScreen.storyboard in Resources */,
				6B8956462901284400643AA0 /* Pacifico-Regular.ttf in Resources */,
				6B79B1EA29011B0C0084E622 /* Preview Assets.xcassets in Resources */,
				6B79B1E729011B0C0084E622 /* Assets.xcassets in Resources */,
			);
			runOnlyForDeploymentPostprocessing = 0;
		};
/* End PBXResourcesBuildPhase section */

/* Begin PBXSourcesBuildPhase section */
		6B79B1DB29011B0B0084E622 /* Sources */ = {
			isa = PBXSourcesBuildPhase;
			buildActionMask = 2147483647;
			files = (
				6B8956492901431C00643AA0 /* InfoView.swift in Sources */,
				6B79B1E529011B0B0084E622 /* ContentView.swift in Sources */,
				6B79B1E329011B0B0084E622 /* JuhyunCardApp.swift in Sources */,
			);
			runOnlyForDeploymentPostprocessing = 0;
		};
/* End PBXSourcesBuildPhase section */

/* Begin XCBuildConfiguration section */
		6B79B1EB29011B0C0084E622 /* Debug */ = {
			isa = XCBuildConfiguration;
			buildSettings = {
				ALWAYS_SEARCH_USER_PATHS = NO;
				CLANG_ANALYZER_NONNULL = YES;
				CLANG_ANALYZER_NUMBER_OBJECT_CONVERSION = YES_AGGRESSIVE;
				CLANG_CXX_LANGUAGE_STANDARD = "gnu++20";
				CLANG_ENABLE_MODULES = YES;
				CLANG_ENABLE_OBJC_ARC = YES;
				CLANG_ENABLE_OBJC_WEAK = YES;
				CLANG_WARN_BLOCK_CAPTURE_AUTORELEASING = YES;
				CLANG_WARN_BOOL_CONVERSION = YES;
				CLANG_WARN_COMMA = YES;
				CLANG_WARN_CONSTANT_CONVERSION = YES;
				CLANG_WARN_DEPRECATED_OBJC_IMPLEMENTATIONS = YES;
				CLANG_WARN_DIRECT_OBJC_ISA_USAGE = YES_ERROR;
				CLANG_WARN_DOCUMENTATION_COMMENTS = YES;
				CLANG_WARN_EMPTY_BODY = YES;
				CLANG_WARN_ENUM_CONVERSION = YES;
				CLANG_WARN_INFINITE_RECURSION = YES;
				CLANG_WARN_INT_CONVERSION = YES;
				CLANG_WARN_NON_LITERAL_NULL_CONVERSION = YES;
				CLANG_WARN_OBJC_IMPLICIT_RETAIN_SELF = YES;
				CLANG_WARN_OBJC_LITERAL_CONVERSION = YES;
				CLANG_WARN_OBJC_ROOT_CLASS = YES_ERROR;
				CLANG_WARN_QUOTED_INCLUDE_IN_FRAMEWORK_HEADER = YES;
				CLANG_WARN_RANGE_LOOP_ANALYSIS = YES;
				CLANG_WARN_STRICT_PROTOTYPES = YES;
				CLANG_WARN_SUSPICIOUS_MOVE = YES;
				CLANG_WARN_UNGUARDED_AVAILABILITY = YES_AGGRESSIVE;
				CLANG_WARN_UNREACHABLE_CODE = YES;
				CLANG_WARN__DUPLICATE_METHOD_MATCH = YES;
				COPY_PHASE_STRIP = NO;
				DEBUG_INFORMATION_FORMAT = dwarf;
				ENABLE_STRICT_OBJC_MSGSEND = YES;
				ENABLE_TESTABILITY = YES;
				GCC_C_LANGUAGE_STANDARD = gnu11;
				GCC_DYNAMIC_NO_PIC = NO;
				GCC_NO_COMMON_BLOCKS = YES;
				GCC_OPTIMIZATION_LEVEL = 0;
				GCC_PREPROCESSOR_DEFINITIONS = (
					"DEBUG=1",
					"$(inherited)",
				);
				GCC_WARN_64_TO_32_BIT_CONVERSION = YES;
				GCC_WARN_ABOUT_RETURN_TYPE = YES_ERROR;
				GCC_WARN_UNDECLARED_SELECTOR = YES;
				GCC_WARN_UNINITIALIZED_AUTOS = YES_AGGRESSIVE;
				GCC_WARN_UNUSED_FUNCTION = YES;
				GCC_WARN_UNUSED_VARIABLE = YES;
				IPHONEOS_DEPLOYMENT_TARGET = 16.0;
				MTL_ENABLE_DEBUG_INFO = INCLUDE_SOURCE;
				MTL_FAST_MATH = YES;
				ONLY_ACTIVE_ARCH = YES;
				SDKROOT = iphoneos;
				SWIFT_ACTIVE_COMPILATION_CONDITIONS = DEBUG;
				SWIFT_OPTIMIZATION_LEVEL = "-Onone";
			};
			name = Debug;
		};
		6B79B1EC29011B0C0084E622 /* Release */ = {
			isa = XCBuildConfiguration;
			buildSettings = {
				ALWAYS_SEARCH_USER_PATHS = NO;
				CLANG_ANALYZER_NONNULL = YES;
				CLANG_ANALYZER_NUMBER_OBJECT_CONVERSION = YES_AGGRESSIVE;
				CLANG_CXX_LANGUAGE_STANDARD = "gnu++20";
				CLANG_ENABLE_MODULES = YES;
				CLANG_ENABLE_OBJC_ARC = YES;
				CLANG_ENABLE_OBJC_WEAK = YES;
				CLANG_WARN_BLOCK_CAPTURE_AUTORELEASING = YES;
				CLANG_WARN_BOOL_CONVERSION = YES;
				CLANG_WARN_COMMA = YES;
				CLANG_WARN_CONSTANT_CONVERSION = YES;
				CLANG_WARN_DEPRECATED_OBJC_IMPLEMENTATIONS = YES;
				CLANG_WARN_DIRECT_OBJC_ISA_USAGE = YES_ERROR;
				CLANG_WARN_DOCUMENTATION_COMMENTS = YES;
				CLANG_WARN_EMPTY_BODY = YES;
				CLANG_WARN_ENUM_CONVERSION = YES;
				CLANG_WARN_INFINITE_RECURSION = YES;
				CLANG_WARN_INT_CONVERSION = YES;
				CLANG_WARN_NON_LITERAL_NULL_CONVERSION = YES;
				CLANG_WARN_OBJC_IMPLICIT_RETAIN_SELF = YES;
				CLANG_WARN_OBJC_LITERAL_CONVERSION = YES;
				CLANG_WARN_OBJC_ROOT_CLASS = YES_ERROR;
				CLANG_WARN_QUOTED_INCLUDE_IN_FRAMEWORK_HEADER = YES;
				CLANG_WARN_RANGE_LOOP_ANALYSIS = YES;
				CLANG_WARN_STRICT_PROTOTYPES = YES;
				CLANG_WARN_SUSPICIOUS_MOVE = YES;
				CLANG_WARN_UNGUARDED_AVAILABILITY = YES_AGGRESSIVE;
				CLANG_WARN_UNREACHABLE_CODE = YES;
				CLANG_WARN__DUPLICATE_METHOD_MATCH = YES;
				COPY_PHASE_STRIP = NO;
				DEBUG_INFORMATION_FORMAT = "dwarf-with-dsym";
				ENABLE_NS_ASSERTIONS = NO;
				ENABLE_STRICT_OBJC_MSGSEND = YES;
				GCC_C_LANGUAGE_STANDARD = gnu11;
				GCC_NO_COMMON_BLOCKS = YES;
				GCC_WARN_64_TO_32_BIT_CONVERSION = YES;
				GCC_WARN_ABOUT_RETURN_TYPE = YES_ERROR;
				GCC_WARN_UNDECLARED_SELECTOR = YES;
				GCC_WARN_UNINITIALIZED_AUTOS = YES_AGGRESSIVE;
				GCC_WARN_UNUSED_FUNCTION = YES;
				GCC_WARN_UNUSED_VARIABLE = YES;
				IPHONEOS_DEPLOYMENT_TARGET = 16.0;
				MTL_ENABLE_DEBUG_INFO = NO;
				MTL_FAST_MATH = YES;
				SDKROOT = iphoneos;
				SWIFT_COMPILATION_MODE = wholemodule;
				SWIFT_OPTIMIZATION_LEVEL = "-O";
				VALIDATE_PRODUCT = YES;
			};
			name = Release;
		};
		6B79B1EE29011B0C0084E622 /* Debug */ = {
			isa = XCBuildConfiguration;
			buildSettings = {
				ASSETCATALOG_COMPILER_APPICON_NAME = AppIcon;
				ASSETCATALOG_COMPILER_GLOBAL_ACCENT_COLOR_NAME = AccentColor;
				CODE_SIGN_STYLE = Automatic;
				CURRENT_PROJECT_VERSION = 1;
				DEVELOPMENT_ASSET_PATHS = "\"JuhyunCard/Preview Content\"";
				ENABLE_PREVIEWS = YES;
				GENERATE_INFOPLIST_FILE = YES;
				INFOPLIST_FILE = JuhyunCard/Info.plist;
				INFOPLIST_KEY_UIApplicationSceneManifest_Generation = YES;
				INFOPLIST_KEY_UIApplicationSupportsIndirectInputEvents = YES;
				INFOPLIST_KEY_UILaunchScreen_Generation = YES;
				INFOPLIST_KEY_UILaunchStoryboardName = LaunchScreen.storyboard;
				INFOPLIST_KEY_UISupportedInterfaceOrientations_iPad = "UIInterfaceOrientationPortrait UIInterfaceOrientationPortraitUpsideDown UIInterfaceOrientationLandscapeLeft UIInterfaceOrientationLandscapeRight";
				INFOPLIST_KEY_UISupportedInterfaceOrientations_iPhone = "UIInterfaceOrientationPortrait UIInterfaceOrientationLandscapeLeft UIInterfaceOrientationLandscapeRight";
				LD_RUNPATH_SEARCH_PATHS = (
					"$(inherited)",
					"@executable_path/Frameworks",
				);
				MARKETING_VERSION = 1.0;
				PRODUCT_BUNDLE_IDENTIFIER = com.jhyun.JuhyunCard;
				PRODUCT_NAME = "$(TARGET_NAME)";
				SWIFT_EMIT_LOC_STRINGS = YES;
				SWIFT_VERSION = 5.0;
				TARGETED_DEVICE_FAMILY = "1,2";
			};
			name = Debug;
		};
		6B79B1EF29011B0C0084E622 /* Release */ = {
			isa = XCBuildConfiguration;
			buildSettings = {
				ASSETCATALOG_COMPILER_APPICON_NAME = AppIcon;
				ASSETCATALOG_COMPILER_GLOBAL_ACCENT_COLOR_NAME = AccentColor;
				CODE_SIGN_STYLE = Automatic;
				CURRENT_PROJECT_VERSION = 1;
				DEVELOPMENT_ASSET_PATHS = "\"JuhyunCard/Preview Content\"";
				ENABLE_PREVIEWS = YES;
				GENERATE_INFOPLIST_FILE = YES;
				INFOPLIST_FILE = JuhyunCard/Info.plist;
				INFOPLIST_KEY_UIApplicationSceneManifest_Generation = YES;
				INFOPLIST_KEY_UIApplicationSupportsIndirectInputEvents = YES;
				INFOPLIST_KEY_UILaunchScreen_Generation = YES;
				INFOPLIST_KEY_UILaunchStoryboardName = LaunchScreen.storyboard;
				INFOPLIST_KEY_UISupportedInterfaceOrientations_iPad = "UIInterfaceOrientationPortrait UIInterfaceOrientationPortraitUpsideDown UIInterfaceOrientationLandscapeLeft UIInterfaceOrientationLandscapeRight";
				INFOPLIST_KEY_UISupportedInterfaceOrientations_iPhone = "UIInterfaceOrientationPortrait UIInterfaceOrientationLandscapeLeft UIInterfaceOrientationLandscapeRight";
				LD_RUNPATH_SEARCH_PATHS = (
					"$(inherited)",
					"@executable_path/Frameworks",
				);
				MARKETING_VERSION = 1.0;
				PRODUCT_BUNDLE_IDENTIFIER = com.jhyun.JuhyunCard;
				PRODUCT_NAME = "$(TARGET_NAME)";
				SWIFT_EMIT_LOC_STRINGS = YES;
				SWIFT_VERSION = 5.0;
				TARGETED_DEVICE_FAMILY = "1,2";
			};
			name = Release;
		};
/* End XCBuildConfiguration section */

/* Begin XCConfigurationList section */
		6B79B1DA29011B0B0084E622 /* Build configuration list for PBXProject "JuhyunCard" */ = {
			isa = XCConfigurationList;
			buildConfigurations = (
				6B79B1EB29011B0C0084E622 /* Debug */,
				6B79B1EC29011B0C0084E622 /* Release */,
			);
			defaultConfigurationIsVisible = 0;
			defaultConfigurationName = Release;
		};
		6B79B1ED29011B0C0084E622 /* Build configuration list for PBXNativeTarget "JuhyunCard" */ = {
			isa = XCConfigurationList;
			buildConfigurations = (
				6B79B1EE29011B0C0084E622 /* Debug */,
				6B79B1EF29011B0C0084E622 /* Release */,
			);
			defaultConfigurationIsVisible = 0;
			defaultConfigurationName = Release;
		};
/* End XCConfigurationList section */
	};
	rootObject = 6B79B1D729011B0B0084E622 /* Project object */;
}
